
Microsoft Visual Studio Solution File, Format Version 12.00
# Visual Studio Version 16
VisualStudioVersion = 16.0.0.0
MinimumVisualStudioVersion = 16.0.0.0
Project("{9A19103F-16F7-4668-BE54-9A1E7A4F7556}") = "Zerobot.Windows", "Zerobot.Windows\Zerobot.Windows.csproj", "{516CDAF3-362B-4C31-AB50-47F5859CEC0A}"
EndProject
Project("{9A19103F-16F7-4668-BE54-9A1E7A4F7556}") = "Zerobot.Game", "Zerobot.Game\Zerobot.Game.csproj", "{A701E219-5D96-4EC4-87FF-6239ABB1B3C3}"
EndProject
Project("{9A19103F-16F7-4668-BE54-9A1E7A4F7556}") = "Zerobot.Linux", "Zerobot.Linux\Zerobot.Linux.csproj", "{02F569F5-FFB5-4A7C-8CE5-112BF72A45A7}"
EndProject
Project("{9A19103F-16F7-4668-BE54-9A1E7A4F7556}") = "Zerobot.macOS", "Zerobot.macOS\Zerobot.macOS.csproj", "{08193295-02B9-4681-8482-7DE4EB49AD0F}"
EndProject
Project("{FAE04EC0-301F-11D3-BF4B-00C04F79EFBC}") = "Zerobot.Android", "Zerobot.Android\Zerobot.Android.csproj", "{760F935A-3DE5-41D1-A4ED-56DDD9595317}"
EndProject
Project("{FAE04EC0-301F-11D3-BF4B-00C04F79EFBC}") = "Zerobot.iOS", "Zerobot.iOS\Zerobot.iOS.csproj", "{968C9035-3DB1-48E6-BA51-F86B2CC9F075}"
EndProject
Global
	GlobalSection(SolutionConfigurationPlatforms) = preSolution
		AppStore|Android = AppStore|Android
		AppStore|Any CPU = AppStore|Any CPU
		AppStore|iPhone = AppStore|iPhone
		AppStore|iPhoneSimulator = AppStore|iPhoneSimulator
		Debug|Android = Debug|Android
		Debug|Any CPU = Debug|Any CPU
		Debug|iPhone = Debug|iPhone
		Debug|iPhoneSimulator = Debug|iPhoneSimulator
		Release|Android = Release|Android
		Release|Any CPU = Release|Any CPU
		Release|iPhone = Release|iPhone
		Release|iPhoneSimulator = Release|iPhoneSimulator
		Testing|Android = Testing|Android
		Testing|Any CPU = Testing|Any CPU
		Testing|iPhone = Testing|iPhone
		Testing|iPhoneSimulator = Testing|iPhoneSimulator
	EndGlobalSection
	GlobalSection(ProjectConfigurationPlatforms) = postSolution
		{516CDAF3-362B-4C31-AB50-47F5859CEC0A}.AppStore|Android.ActiveCfg = Debug|Any CPU
		{516CDAF3-362B-4C31-AB50-47F5859CEC0A}.AppStore|Android.Build.0 = Debug|Any CPU
		{516CDAF3-362B-4C31-AB50-47F5859CEC0A}.AppStore|Any CPU.ActiveCfg = Debug|Any CPU
		{516CDAF3-362B-4C31-AB50-47F5859CEC0A}.AppStore|Any CPU.Build.0 = Debug|Any CPU
		{516CDAF3-362B-4C31-AB50-47F5859CEC0A}.AppStore|iPhone.ActiveCfg = Debug|Any CPU
		{516CDAF3-362B-4C31-AB50-47F5859CEC0A}.AppStore|iPhone.Build.0 = Debug|Any CPU
		{516CDAF3-362B-4C31-AB50-47F5859CEC0A}.AppStore|iPhoneSimulator.ActiveCfg = Debug|Any CPU
		{516CDAF3-362B-4C31-AB50-47F5859CEC0A}.AppStore|iPhoneSimulator.Build.0 = Debug|Any CPU
		{516CDAF3-362B-4C31-AB50-47F5859CEC0A}.Debug|Android.ActiveCfg = Debug|Any CPU
		{516CDAF3-362B-4C31-AB50-47F5859CEC0A}.Debug|Android.Build.0 = Debug|Any CPU
		{516CDAF3-362B-4C31-AB50-47F5859CEC0A}.Debug|Any CPU.ActiveCfg = Debug|Any CPU
		{516CDAF3-362B-4C31-AB50-47F5859CEC0A}.Debug|Any CPU.Build.0 = Debug|Any CPU
		{516CDAF3-362B-4C31-AB50-47F5859CEC0A}.Debug|iPhone.ActiveCfg = Debug|Any CPU
		{516CDAF3-362B-4C31-AB50-47F5859CEC0A}.Debug|iPhone.Build.0 = Debug|Any CPU
		{516CDAF3-362B-4C31-AB50-47F5859CEC0A}.Debug|iPhoneSimulator.ActiveCfg = Debug|Any CPU
		{516CDAF3-362B-4C31-AB50-47F5859CEC0A}.Debug|iPhoneSimulator.Build.0 = Debug|Any CPU
		{516CDAF3-362B-4C31-AB50-47F5859CEC0A}.Release|Android.ActiveCfg = Release|Any CPU
		{516CDAF3-362B-4C31-AB50-47F5859CEC0A}.Release|Android.Build.0 = Release|Any CPU
		{516CDAF3-362B-4C31-AB50-47F5859CEC0A}.Release|Any CPU.ActiveCfg = Release|Any CPU
		{516CDAF3-362B-4C31-AB50-47F5859CEC0A}.Release|Any CPU.Build.0 = Release|Any CPU
		{516CDAF3-362B-4C31-AB50-47F5859CEC0A}.Release|iPhone.ActiveCfg = Release|Any CPU
		{516CDAF3-362B-4C31-AB50-47F5859CEC0A}.Release|iPhone.Build.0 = Release|Any CPU
		{516CDAF3-362B-4C31-AB50-47F5859CEC0A}.Release|iPhoneSimulator.ActiveCfg = Release|Any CPU
		{516CDAF3-362B-4C31-AB50-47F5859CEC0A}.Release|iPhoneSimulator.Build.0 = Release|Any CPU
		{516CDAF3-362B-4C31-AB50-47F5859CEC0A}.Testing|Android.ActiveCfg = Debug|Any CPU
		{516CDAF3-362B-4C31-AB50-47F5859CEC0A}.Testing|Android.Build.0 = Debug|Any CPU
		{516CDAF3-362B-4C31-AB50-47F5859CEC0A}.Testing|Any CPU.ActiveCfg = Debug|Any CPU
		{516CDAF3-362B-4C31-AB50-47F5859CEC0A}.Testing|Any CPU.Build.0 = Debug|Any CPU
		{516CDAF3-362B-4C31-AB50-47F5859CEC0A}.Testing|iPhone.ActiveCfg = Debug|Any CPU
		{516CDAF3-362B-4C31-AB50-47F5859CEC0A}.Testing|iPhone.Build.0 = Debug|Any CPU
		{516CDAF3-362B-4C31-AB50-47F5859CEC0A}.Testing|iPhoneSimulator.ActiveCfg = Debug|Any CPU
		{516CDAF3-362B-4C31-AB50-47F5859CEC0A}.Testing|iPhoneSimulator.Build.0 = Debug|Any CPU
		{A701E219-5D96-4EC4-87FF-6239ABB1B3C3}.AppStore|Android.ActiveCfg = Debug|Any CPU
		{A701E219-5D96-4EC4-87FF-6239ABB1B3C3}.AppStore|Android.Build.0 = Debug|Any CPU
		{A701E219-5D96-4EC4-87FF-6239ABB1B3C3}.AppStore|Any CPU.ActiveCfg = Debug|Any CPU
		{A701E219-5D96-4EC4-87FF-6239ABB1B3C3}.AppStore|Any CPU.Build.0 = Debug|Any CPU
		{A701E219-5D96-4EC4-87FF-6239ABB1B3C3}.AppStore|iPhone.ActiveCfg = Debug|Any CPU
		{A701E219-5D96-4EC4-87FF-6239ABB1B3C3}.AppStore|iPhone.Build.0 = Debug|Any CPU
		{A701E219-5D96-4EC4-87FF-6239ABB1B3C3}.AppStore|iPhoneSimulator.ActiveCfg = Debug|Any CPU
		{A701E219-5D96-4EC4-87FF-6239ABB1B3C3}.AppStore|iPhoneSimulator.Build.0 = Debug|Any CPU
		{A701E219-5D96-4EC4-87FF-6239ABB1B3C3}.Debug|Android.ActiveCfg = Debug|Any CPU
		{A701E219-5D96-4EC4-87FF-6239ABB1B3C3}.Debug|Android.Build.0 = Debug|Any CPU
		{A701E219-5D96-4EC4-87FF-6239ABB1B3C3}.Debug|Any CPU.ActiveCfg = Debug|Any CPU
		{A701E219-5D96-4EC4-87FF-6239ABB1B3C3}.Debug|Any CPU.Build.0 = Debug|Any CPU
		{A701E219-5D96-4EC4-87FF-6239ABB1B3C3}.Debug|iPhone.ActiveCfg = Debug|Any CPU
		{A701E219-5D96-4EC4-87FF-6239ABB1B3C3}.Debug|iPhone.Build.0 = Debug|Any CPU
		{A701E219-5D96-4EC4-87FF-6239ABB1B3C3}.Debug|iPhoneSimulator.ActiveCfg = Debug|Any CPU
		{A701E219-5D96-4EC4-87FF-6239ABB1B3C3}.Debug|iPhoneSimulator.Build.0 = Debug|Any CPU
		{A701E219-5D96-4EC4-87FF-6239ABB1B3C3}.Release|Android.ActiveCfg = Release|Any CPU
		{A701E219-5D96-4EC4-87FF-6239ABB1B3C3}.Release|Android.Build.0 = Release|Any CPU
		{A701E219-5D96-4EC4-87FF-6239ABB1B3C3}.Release|Any CPU.ActiveCfg = Release|Any CPU
		{A701E219-5D96-4EC4-87FF-6239ABB1B3C3}.Release|Any CPU.Build.0 = Release|Any CPU
		{A701E219-5D96-4EC4-87FF-6239ABB1B3C3}.Release|iPhone.ActiveCfg = Release|Any CPU
		{A701E219-5D96-4EC4-87FF-6239ABB1B3C3}.Release|iPhone.Build.0 = Release|Any CPU
		{A701E219-5D96-4EC4-87FF-6239ABB1B3C3}.Release|iPhoneSimulator.ActiveCfg = Release|Any CPU
		{A701E219-5D96-4EC4-87FF-6239ABB1B3C3}.Release|iPhoneSimulator.Build.0 = Release|Any CPU
		{A701E219-5D96-4EC4-87FF-6239ABB1B3C3}.Testing|Android.ActiveCfg = Debug|Any CPU
		{A701E219-5D96-4EC4-87FF-6239ABB1B3C3}.Testing|Android.Build.0 = Debug|Any CPU
		{A701E219-5D96-4EC4-87FF-6239ABB1B3C3}.Testing|Any CPU.ActiveCfg = Debug|Any CPU
		{A701E219-5D96-4EC4-87FF-6239ABB1B3C3}.Testing|Any CPU.Build.0 = Debug|Any CPU
		{A701E219-5D96-4EC4-87FF-6239ABB1B3C3}.Testing|iPhone.ActiveCfg = Debug|Any CPU
		{A701E219-5D96-4EC4-87FF-6239ABB1B3C3}.Testing|iPhone.Build.0 = Debug|Any CPU
		{A701E219-5D96-4EC4-87FF-6239ABB1B3C3}.Testing|iPhoneSimulator.ActiveCfg = Debug|Any CPU
		{A701E219-5D96-4EC4-87FF-6239ABB1B3C3}.Testing|iPhoneSimulator.Build.0 = Debug|Any CPU
		{02F569F5-FFB5-4A7C-8CE5-112BF72A45A7}.AppStore|Android.ActiveCfg = Debug|Any CPU
		{02F569F5-FFB5-4A7C-8CE5-112BF72A45A7}.AppStore|Android.Build.0 = Debug|Any CPU
		{02F569F5-FFB5-4A7C-8CE5-112BF72A45A7}.AppStore|Any CPU.ActiveCfg = Debug|Any CPU
		{02F569F5-FFB5-4A7C-8CE5-112BF72A45A7}.AppStore|Any CPU.Build.0 = Debug|Any CPU
		{02F569F5-FFB5-4A7C-8CE5-112BF72A45A7}.AppStore|iPhone.ActiveCfg = Debug|Any CPU
		{02F569F5-FFB5-4A7C-8CE5-112BF72A45A7}.AppStore|iPhone.Build.0 = Debug|Any CPU
		{02F569F5-FFB5-4A7C-8CE5-112BF72A45A7}.AppStore|iPhoneSimulator.ActiveCfg = Debug|Any CPU
		{02F569F5-FFB5-4A7C-8CE5-112BF72A45A7}.AppStore|iPhoneSimulator.Build.0 = Debug|Any CPU
		{02F569F5-FFB5-4A7C-8CE5-112BF72A45A7}.Debug|Android.ActiveCfg = Debug|Any CPU
		{02F569F5-FFB5-4A7C-8CE5-112BF72A45A7}.Debug|Android.Build.0 = Debug|Any CPU
		{02F569F5-FFB5-4A7C-8CE5-112BF72A45A7}.Debug|Any CPU.ActiveCfg = Debug|Any CPU
		{02F569F5-FFB5-4A7C-8CE5-112BF72A45A7}.Debug|Any CPU.Build.0 = Debug|Any CPU
		{02F569F5-FFB5-4A7C-8CE5-112BF72A45A7}.Debug|iPhone.ActiveCfg = Debug|Any CPU
		{02F569F5-FFB5-4A7C-8CE5-112BF72A45A7}.Debug|iPhone.Build.0 = Debug|Any CPU
		{02F569F5-FFB5-4A7C-8CE5-112BF72A45A7}.Debug|iPhoneSimulator.ActiveCfg = Debug|Any CPU
		{02F569F5-FFB5-4A7C-8CE5-112BF72A45A7}.Debug|iPhoneSimulator.Build.0 = Debug|Any CPU
		{02F569F5-FFB5-4A7C-8CE5-112BF72A45A7}.Release|Android.ActiveCfg = Release|Any CPU
		{02F569F5-FFB5-4A7C-8CE5-112BF72A45A7}.Release|Android.Build.0 = Release|Any CPU
		{02F569F5-FFB5-4A7C-8CE5-112BF72A45A7}.Release|Any CPU.ActiveCfg = Release|Any CPU
		{02F569F5-FFB5-4A7C-8CE5-112BF72A45A7}.Release|Any CPU.Build.0 = Release|Any CPU
		{02F569F5-FFB5-4A7C-8CE5-112BF72A45A7}.Release|iPhone.ActiveCfg = Release|Any CPU
		{02F569F5-FFB5-4A7C-8CE5-112BF72A45A7}.Release|iPhone.Build.0 = Release|Any CPU
		{02F569F5-FFB5-4A7C-8CE5-112BF72A45A7}.Release|iPhoneSimulator.ActiveCfg = Release|Any CPU
		{02F569F5-FFB5-4A7C-8CE5-112BF72A45A7}.Release|iPhoneSimulator.Build.0 = Release|Any CPU
		{02F569F5-FFB5-4A7C-8CE5-112BF72A45A7}.Testing|Android.ActiveCfg = Debug|Any CPU
		{02F569F5-FFB5-4A7C-8CE5-112BF72A45A7}.Testing|Android.Build.0 = Debug|Any CPU
		{02F569F5-FFB5-4A7C-8CE5-112BF72A45A7}.Testing|Any CPU.ActiveCfg = Debug|Any CPU
		{02F569F5-FFB5-4A7C-8CE5-112BF72A45A7}.Testing|Any CPU.Build.0 = Debug|Any CPU
		{02F569F5-FFB5-4A7C-8CE5-112BF72A45A7}.Testing|iPhone.ActiveCfg = Debug|Any CPU
		{02F569F5-FFB5-4A7C-8CE5-112BF72A45A7}.Testing|iPhone.Build.0 = Debug|Any CPU
		{02F569F5-FFB5-4A7C-8CE5-112BF72A45A7}.Testing|iPhoneSimulator.ActiveCfg = Debug|Any CPU
		{02F569F5-FFB5-4A7C-8CE5-112BF72A45A7}.Testing|iPhoneSimulator.Build.0 = Debug|Any CPU
		{08193295-02B9-4681-8482-7DE4EB49AD0F}.AppStore|Android.ActiveCfg = Debug|Any CPU
		{08193295-02B9-4681-8482-7DE4EB49AD0F}.AppStore|Android.Build.0 = Debug|Any CPU
		{08193295-02B9-4681-8482-7DE4EB49AD0F}.AppStore|Any CPU.ActiveCfg = Debug|Any CPU
		{08193295-02B9-4681-8482-7DE4EB49AD0F}.AppStore|Any CPU.Build.0 = Debug|Any CPU
		{08193295-02B9-4681-8482-7DE4EB49AD0F}.AppStore|iPhone.ActiveCfg = Debug|Any CPU
		{08193295-02B9-4681-8482-7DE4EB49AD0F}.AppStore|iPhone.Build.0 = Debug|Any CPU
		{08193295-02B9-4681-8482-7DE4EB49AD0F}.AppStore|iPhoneSimulator.ActiveCfg = Debug|Any CPU
		{08193295-02B9-4681-8482-7DE4EB49AD0F}.AppStore|iPhoneSimulator.Build.0 = Debug|Any CPU
		{08193295-02B9-4681-8482-7DE4EB49AD0F}.Debug|Android.ActiveCfg = Debug|Any CPU
		{08193295-02B9-4681-8482-7DE4EB49AD0F}.Debug|Android.Build.0 = Debug|Any CPU
		{08193295-02B9-4681-8482-7DE4EB49AD0F}.Debug|Any CPU.ActiveCfg = Debug|Any CPU
		{08193295-02B9-4681-8482-7DE4EB49AD0F}.Debug|Any CPU.Build.0 = Debug|Any CPU
		{08193295-02B9-4681-8482-7DE4EB49AD0F}.Debug|iPhone.ActiveCfg = Debug|Any CPU
		{08193295-02B9-4681-8482-7DE4EB49AD0F}.Debug|iPhone.Build.0 = Debug|Any CPU
		{08193295-02B9-4681-8482-7DE4EB49AD0F}.Debug|iPhoneSimulator.ActiveCfg = Debug|Any CPU
		{08193295-02B9-4681-8482-7DE4EB49AD0F}.Debug|iPhoneSimulator.Build.0 = Debug|Any CPU
		{08193295-02B9-4681-8482-7DE4EB49AD0F}.Release|Android.ActiveCfg = Release|Any CPU
		{08193295-02B9-4681-8482-7DE4EB49AD0F}.Release|Android.Build.0 = Release|Any CPU
		{08193295-02B9-4681-8482-7DE4EB49AD0F}.Release|Any CPU.ActiveCfg = Release|Any CPU
		{08193295-02B9-4681-8482-7DE4EB49AD0F}.Release|Any CPU.Build.0 = Release|Any CPU
		{08193295-02B9-4681-8482-7DE4EB49AD0F}.Release|iPhone.ActiveCfg = Release|Any CPU
		{08193295-02B9-4681-8482-7DE4EB49AD0F}.Release|iPhone.Build.0 = Release|Any CPU
		{08193295-02B9-4681-8482-7DE4EB49AD0F}.Release|iPhoneSimulator.ActiveCfg = Release|Any CPU
		{08193295-02B9-4681-8482-7DE4EB49AD0F}.Release|iPhoneSimulator.Build.0 = Release|Any CPU
		{08193295-02B9-4681-8482-7DE4EB49AD0F}.Testing|Android.ActiveCfg = Debug|Any CPU
		{08193295-02B9-4681-8482-7DE4EB49AD0F}.Testing|Android.Build.0 = Debug|Any CPU
		{08193295-02B9-4681-8482-7DE4EB49AD0F}.Testing|Any CPU.ActiveCfg = Debug|Any CPU
		{08193295-02B9-4681-8482-7DE4EB49AD0F}.Testing|Any CPU.Build.0 = Debug|Any CPU
		{08193295-02B9-4681-8482-7DE4EB49AD0F}.Testing|iPhone.ActiveCfg = Debug|Any CPU
		{08193295-02B9-4681-8482-7DE4EB49AD0F}.Testing|iPhone.Build.0 = Debug|Any CPU
		{08193295-02B9-4681-8482-7DE4EB49AD0F}.Testing|iPhoneSimulator.ActiveCfg = Debug|Any CPU
		{08193295-02B9-4681-8482-7DE4EB49AD0F}.Testing|iPhoneSimulator.Build.0 = Debug|Any CPU
		{760F935A-3DE5-41D1-A4ED-56DDD9595317}.AppStore|Android.ActiveCfg = AppStore|Android
		{760F935A-3DE5-41D1-A4ED-56DDD9595317}.AppStore|Android.Build.0 = AppStore|Android
		{760F935A-3DE5-41D1-A4ED-56DDD9595317}.AppStore|Android.Deploy.0 = AppStore|Android
		{760F935A-3DE5-41D1-A4ED-56DDD9595317}.AppStore|Any CPU.ActiveCfg = AppStore|Android
		{760F935A-3DE5-41D1-A4ED-56DDD9595317}.AppStore|iPhone.ActiveCfg = AppStore|Android
		{760F935A-3DE5-41D1-A4ED-56DDD9595317}.AppStore|iPhoneSimulator.ActiveCfg = AppStore|Android
		{760F935A-3DE5-41D1-A4ED-56DDD9595317}.Debug|Android.ActiveCfg = Debug|Android
		{760F935A-3DE5-41D1-A4ED-56DDD9595317}.Debug|Android.Build.0 = Debug|Android
		{760F935A-3DE5-41D1-A4ED-56DDD9595317}.Debug|Android.Deploy.0 = Debug|Android
		{760F935A-3DE5-41D1-A4ED-56DDD9595317}.Debug|Any CPU.ActiveCfg = Debug|Android
		{760F935A-3DE5-41D1-A4ED-56DDD9595317}.Debug|iPhone.ActiveCfg = Debug|Android
		{760F935A-3DE5-41D1-A4ED-56DDD9595317}.Debug|iPhoneSimulator.ActiveCfg = Debug|Android
		{760F935A-3DE5-41D1-A4ED-56DDD9595317}.Release|Android.ActiveCfg = Release|Android
		{760F935A-3DE5-41D1-A4ED-56DDD9595317}.Release|Android.Build.0 = Release|Android
		{760F935A-3DE5-41D1-A4ED-56DDD9595317}.Release|Android.Deploy.0 = Release|Android
		{760F935A-3DE5-41D1-A4ED-56DDD9595317}.Release|Any CPU.ActiveCfg = Release|Android
		{760F935A-3DE5-41D1-A4ED-56DDD9595317}.Release|iPhone.ActiveCfg = Release|Android
		{760F935A-3DE5-41D1-A4ED-56DDD9595317}.Release|iPhoneSimulator.ActiveCfg = Release|Android
		{760F935A-3DE5-41D1-A4ED-56DDD9595317}.Testing|Android.ActiveCfg = Testing|Android
		{760F935A-3DE5-41D1-A4ED-56DDD9595317}.Testing|Android.Build.0 = Testing|Android
		{760F935A-3DE5-41D1-A4ED-56DDD9595317}.Testing|Android.Deploy.0 = Testing|Android
		{760F935A-3DE5-41D1-A4ED-56DDD9595317}.Testing|Any CPU.ActiveCfg = Testing|Android
		{760F935A-3DE5-41D1-A4ED-56DDD9595317}.Testing|iPhone.ActiveCfg = Testing|Android
		{760F935A-3DE5-41D1-A4ED-56DDD9595317}.Testing|iPhoneSimulator.ActiveCfg = Testing|Android
		{968C9035-3DB1-48E6-BA51-F86B2CC9F075}.AppStore|Android.ActiveCfg = AppStore|iPhoneSimulator
		{968C9035-3DB1-48E6-BA51-F86B2CC9F075}.AppStore|Any CPU.ActiveCfg = AppStore|iPhoneSimulator
		{968C9035-3DB1-48E6-BA51-F86B2CC9F075}.AppStore|iPhone.ActiveCfg = AppStore|iPhone
		{968C9035-3DB1-48E6-BA51-F86B2CC9F075}.AppStore|iPhone.Build.0 = AppStore|iPhone
		{968C9035-3DB1-48E6-BA51-F86B2CC9F075}.AppStore|iPhoneSimulator.ActiveCfg = AppStore|iPhoneSimulator
		{968C9035-3DB1-48E6-BA51-F86B2CC9F075}.AppStore|iPhoneSimulator.Build.0 = AppStore|iPhoneSimulator
		{968C9035-3DB1-48E6-BA51-F86B2CC9F075}.Debug|Android.ActiveCfg = Debug|iPhoneSimulator
		{968C9035-3DB1-48E6-BA51-F86B2CC9F075}.Debug|Any CPU.ActiveCfg = Debug|iPhoneSimulator
		{968C9035-3DB1-48E6-BA51-F86B2CC9F075}.Debug|iPhone.ActiveCfg = Debug|iPhone
		{968C9035-3DB1-48E6-BA51-F86B2CC9F075}.Debug|iPhone.Build.0 = Debug|iPhone
		{968C9035-3DB1-48E6-BA51-F86B2CC9F075}.Debug|iPhoneSimulator.ActiveCfg = Debug|iPhoneSimulator
		{968C9035-3DB1-48E6-BA51-F86B2CC9F075}.Debug|iPhoneSimulator.Build.0 = Debug|iPhoneSimulator
		{968C9035-3DB1-48E6-BA51-F86B2CC9F075}.Release|Android.ActiveCfg = Release|iPhoneSimulator
		{968C9035-3DB1-48E6-BA51-F86B2CC9F075}.Release|Any CPU.ActiveCfg = Release|iPhoneSimulator
		{968C9035-3DB1-48E6-BA51-F86B2CC9F075}.Release|iPhone.ActiveCfg = Release|iPhone
		{968C9035-3DB1-48E6-BA51-F86B2CC9F075}.Release|iPhone.Build.0 = Release|iPhone
		{968C9035-3DB1-48E6-BA51-F86B2CC9F075}.Release|iPhoneSimulator.ActiveCfg = Release|iPhoneSimulator
		{968C9035-3DB1-48E6-BA51-F86B2CC9F075}.Release|iPhoneSimulator.Build.0 = Release|iPhoneSimulator
		{968C9035-3DB1-48E6-BA51-F86B2CC9F075}.Testing|Android.ActiveCfg = Testing|iPhoneSimulator
		{968C9035-3DB1-48E6-BA51-F86B2CC9F075}.Testing|Any CPU.ActiveCfg = Testing|iPhoneSimulator
		{968C9035-3DB1-48E6-BA51-F86B2CC9F075}.Testing|iPhone.ActiveCfg = Testing|iPhone
		{968C9035-3DB1-48E6-BA51-F86B2CC9F075}.Testing|iPhone.Build.0 = Testing|iPhone
		{968C9035-3DB1-48E6-BA51-F86B2CC9F075}.Testing|iPhoneSimulator.ActiveCfg = Testing|iPhoneSimulator
		{968C9035-3DB1-48E6-BA51-F86B2CC9F075}.Testing|iPhoneSimulator.Build.0 = Testing|iPhoneSimulator
	EndGlobalSection
	GlobalSection(SolutionProperties) = preSolution
		HideSolutionNode = FALSE
	EndGlobalSection
	GlobalSection(ExtensibilityGlobals) = postSolution
		SolutionGuid = {43F2D391-82B6-4319-948E-B5973F0A8FDA}
	EndGlobalSection
EndGlobal
